
Microsoft Visual Studio Solution File, Format Version 12.00
# Visual Studio Version 16
VisualStudioVersion = 16.0.32106.194
MinimumVisualStudioVersion = 10.0.40219.1
Project("{FAE04EC0-301F-11D3-BF4B-00C04F79EFBC}") = "ITMO-BIM_m1-2", "ITMO-BIM_m1-2-lab19\ITMO-BIM_m1-2.csproj", "{1BF84736-1BC9-4ED6-9697-3E727FC3D36D}"
EndProject
Project("{FAE04EC0-301F-11D3-BF4B-00C04F79EFBC}") = "RegexTest", "RegexTest\RegexTest.csproj", "{877B60F4-DA4D-4E73-9353-32A062F948B3}"
EndProject
Global
	GlobalSection(SolutionConfigurationPlatforms) = preSolution
		Debug|Any CPU = Debug|Any CPU
		Release|Any CPU = Release|Any CPU
	EndGlobalSection
	GlobalSection(ProjectConfigurationPlatforms) = postSolution
		{1BF84736-1BC9-4ED6-9697-3E727FC3D36D}.Debug|Any CPU.ActiveCfg = Debug|Any CPU
		{1BF84736-1BC9-4ED6-9697-3E727FC3D36D}.Debug|Any CPU.Build.0 = Debug|Any CPU
		{1BF84736-1BC9-4ED6-9697-3E727FC3D36D}.Release|Any CPU.ActiveCfg = Release|Any CPU
		{1BF84736-1BC9-4ED6-9697-3E727FC3D36D}.Release|Any CPU.Build.0 = Release|Any CPU
		{877B60F4-DA4D-4E73-9353-32A062F948B3}.Debug|Any CPU.ActiveCfg = Debug|Any CPU
		{877B60F4-DA4D-4E73-9353-32A062F948B3}.Debug|Any CPU.Build.0 = Debug|Any CPU
		{877B60F4-DA4D-4E73-9353-32A062F948B3}.Release|Any CPU.ActiveCfg = Release|Any CPU
		{877B60F4-DA4D-4E73-9353-32A062F948B3}.Release|Any CPU.Build.0 = Release|Any CPU
	EndGlobalSection
	GlobalSection(SolutionProperties) = preSolution
		HideSolutionNode = FALSE
	EndGlobalSection
	GlobalSection(ExtensibilityGlobals) = postSolution
		SolutionGuid = {64410FB9-8317-4E9A-8CD8-A2DD2294E01A}
	EndGlobalSection
EndGlobal
